
Microsoft Visual Studio Solution File, Format Version 12.00
# Visual Studio Version 16
VisualStudioVersion = 16.0.29920.165
MinimumVisualStudioVersion = 10.0.40219.1
Project("{FAE04EC0-301F-11D3-BF4B-00C04F79EFBC}") = "ChessBoardGUI", "ChessBoardGUI\ChessBoardGUI.csproj", "{B3FC0479-D4EC-4A9A-B57C-68F08A5DC4FC}"
EndProject
Project("{9A19103F-16F7-4668-BE54-9A1E7A4F7556}") = "ChessBoardModel", "ChessBoardModel\ChessBoardModel.csproj", "{976810CF-AA15-4579-9FBF-A14E00833765}"
EndProject
Global
	GlobalSection(SolutionConfigurationPlatforms) = preSolution
		Debug|Any CPU = Debug|Any CPU
		Release|Any CPU = Release|Any CPU
	EndGlobalSection
	GlobalSection(ProjectConfigurationPlatforms) = postSolution
		{B3FC0479-D4EC-4A9A-B57C-68F08A5DC4FC}.Debug|Any CPU.ActiveCfg = Debug|Any CPU
		{B3FC0479-D4EC-4A9A-B57C-68F08A5DC4FC}.Debug|Any CPU.Build.0 = Debug|Any CPU
		{B3FC0479-D4EC-4A9A-B57C-68F08A5DC4FC}.Release|Any CPU.ActiveCfg = Release|Any CPU
		{B3FC0479-D4EC-4A9A-B57C-68F08A5DC4FC}.Release|Any CPU.Build.0 = Release|Any CPU
		{976810CF-AA15-4579-9FBF-A14E00833765}.Debug|Any CPU.ActiveCfg = Debug|Any CPU
		{976810CF-AA15-4579-9FBF-A14E00833765}.Debug|Any CPU.Build.0 = Debug|Any CPU
		{976810CF-AA15-4579-9FBF-A14E00833765}.Release|Any CPU.ActiveCfg = Release|Any CPU
		{976810CF-AA15-4579-9FBF-A14E00833765}.Release|Any CPU.Build.0 = Release|Any CPU
	EndGlobalSection
	GlobalSection(SolutionProperties) = preSolution
		HideSolutionNode = FALSE
	EndGlobalSection
	GlobalSection(ExtensibilityGlobals) = postSolution
		SolutionGuid = {FD8DEFC2-BB26-4572-A004-C32C2851CE54}
	EndGlobalSection
EndGlobal
